# THIS IS AN AUTOGENERATED FILE. DO NOT EDIT THIS FILE DIRECTLY.
# yarn lockfile v1


"@arco-design/color@^0.4.0":
  version "0.4.0"
  resolved "https://registry.npmmirror.com/@arco-design/color/download/@arco-design/color-0.4.0.tgz#52ddb40d318ee6df1057ca8c653cc1675023928f"
  integrity sha1-Ut20DTGO5t8QV8qMZTzBZ1Ajko8=
  dependencies:
    color "^3.1.3"

"@arco-design/web-vue@^2.6.0":
  version "2.6.0"
  resolved "https://registry.npmmirror.com/@arco-design/web-vue/download/@arco-design/web-vue-2.6.0.tgz#171fd32fe4038ad6edc89acbebd9265d4a7c7696"
  integrity sha512-wsffEGi1uo6sbaFblgYOswFyvh2bIfp0tB/tXiq8MoLuPuluU2XlZrq/hB9BTymtb0efLySeK53LgsWyliJbuA==
  dependencies:
    "@arco-design/color" "^0.4.0"
    b-tween "^0.3.3"
    b-validate "^1.2.3"
    compute-scroll-into-view "^1.0.17"
    dayjs "^1.10.3"
    number-precision "^1.5.0"
    resize-observer-polyfill "^1.5.1"
    scroll-into-view-if-needed "^2.2.28"

"@babel/parser@^7.15.0":
  version "7.16.4"
  resolved "https://registry.npmmirror.com/@babel/parser/download/@babel/parser-7.16.4.tgz?cache=0&sync_timestamp=1637102969077&other_urls=https%3A%2F%2Fregistry.npmmirror.com%2F%40babel%2Fparser%2Fdownload%2F%40babel%2Fparser-7.16.4.tgz#d5f92f57cf2c74ffe9b37981c0e72fee7311372e"
  integrity sha512-6V0qdPUaiVHH3RtZeLIsc+6pDhbYzHR8ogA8w+f+Wc77DuXto19g2QUwveINoS34Uw+W8/hQDGJCx+i4n7xcng==

"@types/md5@^2.3.1":
  version "2.3.1"
  resolved "https://registry.npmmirror.com/@types/md5/download/@types/md5-2.3.1.tgz#010bcf3bb50a2cff3a574cb1c0b4051a9c67d6bc"
  integrity sha1-AQvPO7UKLP86V0yxwLQFGpxn1rw=
  dependencies:
    "@types/node" "*"

"@types/node@*":
  version "16.11.9"
  resolved "https://registry.npmmirror.com/@types/node/download/@types/node-16.11.9.tgz#879be3ad7af29f4c1a5c433421bf99fab7047185"
  integrity sha512-MKmdASMf3LtPzwLyRrFjtFFZ48cMf8jmX5VRYrDQiJa8Ybu5VAmkqBWqKU8fdCwD8ysw4mQ9nrEHvzg6gunR7A==

"@types/qs@^6.9.7":
  version "6.9.7"
  resolved "https://registry.npmmirror.com/@types/qs/download/@types/qs-6.9.7.tgz#63bb7d067db107cc1e457c303bc25d511febf6cb"
  integrity sha1-Y7t9Bn2xB8weRXwwO8JdUR/r9ss=

"@vitejs/plugin-vue@^1.9.4":
  version "1.9.4"
  resolved "https://registry.npmmirror.com/@vitejs/plugin-vue/download/@vitejs/plugin-vue-1.9.4.tgz#4f48485432cbb986a9fb9d254dc33ce30ddccbfa"
  integrity sha1-T0hIVDLLuYap+50lTcM84w3cy/o=

"@vue/compiler-core@3.2.21":
  version "3.2.21"
  resolved "https://registry.npmmirror.com/@vue/compiler-core/download/@vue/compiler-core-3.2.21.tgz?cache=0&sync_timestamp=1636948021659&other_urls=https%3A%2F%2Fregistry.npmmirror.com%2F%40vue%2Fcompiler-core%2Fdownload%2F%40vue%2Fcompiler-core-3.2.21.tgz#26566c32b2ad838199d471ef5df620a83846f24e"
  integrity sha1-JlZsMrKtg4GZ1HHvXfYgqDhG8k4=
  dependencies:
    "@babel/parser" "^7.15.0"
    "@vue/shared" "3.2.21"
    estree-walker "^2.0.2"
    source-map "^0.6.1"

"@vue/compiler-dom@3.2.21":
  version "3.2.21"
  resolved "https://registry.npmmirror.com/@vue/compiler-dom/download/@vue/compiler-dom-3.2.21.tgz?cache=0&sync_timestamp=1636948020690&other_urls=https%3A%2F%2Fregistry.npmmirror.com%2F%40vue%2Fcompiler-dom%2Fdownload%2F%40vue%2Fcompiler-dom-3.2.21.tgz#d6f6c85364ef8888f9c4e9122bfba11e78fb398c"
  integrity sha1-1vbIU2TviIj5xOkSK/uhHnj7OYw=
  dependencies:
    "@vue/compiler-core" "3.2.21"
    "@vue/shared" "3.2.21"

"@vue/compiler-sfc@3.2.21":
  version "3.2.21"
  resolved "https://registry.npmmirror.com/@vue/compiler-sfc/download/@vue/compiler-sfc-3.2.21.tgz?cache=0&sync_timestamp=1636948035392&other_urls=https%3A%2F%2Fregistry.npmmirror.com%2F%40vue%2Fcompiler-sfc%2Fdownload%2F%40vue%2Fcompiler-sfc-3.2.21.tgz#42639ee49e725afb7d8f1d1940e75dc17a56002c"
  integrity sha1-QmOe5J5yWvt9jx0ZQOddwXpWACw=
  dependencies:
    "@babel/parser" "^7.15.0"
    "@vue/compiler-core" "3.2.21"
    "@vue/compiler-dom" "3.2.21"
    "@vue/compiler-ssr" "3.2.21"
    "@vue/ref-transform" "3.2.21"
    "@vue/shared" "3.2.21"
    estree-walker "^2.0.2"
    magic-string "^0.25.7"
    postcss "^8.1.10"
    source-map "^0.6.1"

"@vue/compiler-ssr@3.2.21":
  version "3.2.21"
  resolved "https://registry.npmmirror.com/@vue/compiler-ssr/download/@vue/compiler-ssr-3.2.21.tgz?cache=0&sync_timestamp=1636948020166&other_urls=https%3A%2F%2Fregistry.npmmirror.com%2F%40vue%2Fcompiler-ssr%2Fdownload%2F%40vue%2Fcompiler-ssr-3.2.21.tgz#37d124f89e8adef9fd56b85775de4b5310a0436e"
  integrity sha1-N9Ek+J6K3vn9VrhXdd5LUxCgQ24=
  dependencies:
    "@vue/compiler-dom" "3.2.21"
    "@vue/shared" "3.2.21"

"@vue/devtools-api@^6.0.0-beta.18", "@vue/devtools-api@^6.0.0-beta.19":
  version "6.0.0-beta.20.1"
  resolved "https://registry.npmmirror.com/@vue/devtools-api/download/@vue/devtools-api-6.0.0-beta.20.1.tgz#5b499647e929c35baf2a66a399578f9aa4601142"
  integrity sha512-R2rfiRY+kZugzWh9ZyITaovx+jpU4vgivAEAiz80kvh3yviiTU3CBuGuyWpSwGz9/C7TkSWVM/FtQRGlZ16n8Q==

"@vue/reactivity@3.2.21":
  version "3.2.21"
  resolved "https://registry.npmmirror.com/@vue/reactivity/download/@vue/reactivity-3.2.21.tgz?cache=0&sync_timestamp=1636947968011&other_urls=https%3A%2F%2Fregistry.npmmirror.com%2F%40vue%2Freactivity%2Fdownload%2F%40vue%2Freactivity-3.2.21.tgz#073ad144192ed78a07e151e95a3baa515e4099a2"
  integrity sha1-BzrRRBku14oH4VHpWjuqUV5AmaI=
  dependencies:
    "@vue/shared" "3.2.21"

"@vue/ref-transform@3.2.21":
  version "3.2.21"
  resolved "https://registry.npmmirror.com/@vue/ref-transform/download/@vue/ref-transform-3.2.21.tgz?cache=0&sync_timestamp=1636947981969&other_urls=https%3A%2F%2Fregistry.npmmirror.com%2F%40vue%2Fref-transform%2Fdownload%2F%40vue%2Fref-transform-3.2.21.tgz#b0c554c9f640c3f005f77e676066aa0faba90984"
  integrity sha1-sMVUyfZAw/AF935nYGaqD6upCYQ=
  dependencies:
    "@babel/parser" "^7.15.0"
    "@vue/compiler-core" "3.2.21"
    "@vue/shared" "3.2.21"
    estree-walker "^2.0.2"
    magic-string "^0.25.7"

"@vue/runtime-core@3.2.21":
  version "3.2.21"
  resolved "https://registry.npmmirror.com/@vue/runtime-core/download/@vue/runtime-core-3.2.21.tgz?cache=0&sync_timestamp=1636947971870&other_urls=https%3A%2F%2Fregistry.npmmirror.com%2F%40vue%2Fruntime-core%2Fdownload%2F%40vue%2Fruntime-core-3.2.21.tgz#e12dac8c3893b7aebfc37e32066718d8aa686ac5"
  integrity sha1-4S2sjDiTt66/w34yBmcY2KpoasU=
  dependencies:
    "@vue/reactivity" "3.2.21"
    "@vue/shared" "3.2.21"

"@vue/runtime-dom@3.2.21":
  version "3.2.21"
  resolved "https://registry.npmmirror.com/@vue/runtime-dom/download/@vue/runtime-dom-3.2.21.tgz?cache=0&sync_timestamp=1636948567519&other_urls=https%3A%2F%2Fregistry.npmmirror.com%2F%40vue%2Fruntime-dom%2Fdownload%2F%40vue%2Fruntime-dom-3.2.21.tgz#33dd15bc85281e773177a30dc6931c294bd77aa1"
  integrity sha1-M90VvIUoHncxd6MNxpMcKUvXeqE=
  dependencies:
    "@vue/runtime-core" "3.2.21"
    "@vue/shared" "3.2.21"
    csstype "^2.6.8"

"@vue/server-renderer@3.2.21":
  version "3.2.21"
  resolved "https://registry.npmmirror.com/@vue/server-renderer/download/@vue/server-renderer-3.2.21.tgz?cache=0&sync_timestamp=1636947969644&other_urls=https%3A%2F%2Fregistry.npmmirror.com%2F%40vue%2Fserver-renderer%2Fdownload%2F%40vue%2Fserver-renderer-3.2.21.tgz#887d0a44de76f72313cff2686a24c0315231d634"
  integrity sha1-iH0KRN529yMTz/JoaiTAMVIx1jQ=
  dependencies:
    "@vue/compiler-ssr" "3.2.21"
    "@vue/shared" "3.2.21"

"@vue/shared@3.2.21":
  version "3.2.21"
  resolved "https://registry.npmmirror.com/@vue/shared/download/@vue/shared-3.2.21.tgz?cache=0&sync_timestamp=1636947959628&other_urls=https%3A%2F%2Fregistry.npmmirror.com%2F%40vue%2Fshared%2Fdownload%2F%40vue%2Fshared-3.2.21.tgz#4cd80c0e62cf65a7adab2449e86b6f0cb33a130b"
  integrity sha1-TNgMDmLPZaetqyRJ6GtvDLM6Ews=

axios@0.24.0:
  version "0.24.0"
  resolved "https://registry.npmmirror.com/axios/download/axios-0.24.0.tgz#804e6fa1e4b9c5288501dd9dff56a7a0940d20d6"
  integrity sha1-gE5voeS5xSiFAd2d/1anoJQNINY=
  dependencies:
    follow-redirects "^1.14.4"

b-tween@^0.3.3:
  version "0.3.3"
  resolved "https://registry.npmmirror.com/b-tween/download/b-tween-0.3.3.tgz#7a93ed199c98cd41a33ba4c711a0fa7e86db3fa2"
  integrity sha1-epPtGZyYzUGjO6THEaD6fobbP6I=

b-validate@^1.2.3:
  version "1.3.0"
  resolved "https://registry.npmmirror.com/b-validate/download/b-validate-1.3.0.tgz#236041ccd61f217e68107cca9cc7e8aa69cabb46"
  integrity sha512-1nNlVSyIAHbHN6pZhStbGwCfxAasYUDIgMW+BuUcML2T5lT1IoKVeax1jV0c/lHDiMy3FHkuKOzdBNA7eGKnWQ==
  dependencies:
    lodash.isequal "^4.5.0"

call-bind@^1.0.0:
  version "1.0.2"
  resolved "https://registry.nlark.com/call-bind/download/call-bind-1.0.2.tgz#b1d4e89e688119c3c9a903ad30abb2f6a919be3c"
  integrity sha1-sdTonmiBGcPJqQOtMKuy9qkZvjw=
  dependencies:
    function-bind "^1.1.1"
    get-intrinsic "^1.0.2"

charenc@0.0.2:
  version "0.0.2"
  resolved "https://registry.npm.taobao.org/charenc/download/charenc-0.0.2.tgz#c0a1d2f3a7092e03774bfa83f14c0fc5790a8667"
  integrity sha1-wKHS86cJLgN3S/qD8UwPxXkKhmc=

color-convert@^1.9.3:
  version "1.9.3"
  resolved "https://registry.nlark.com/color-convert/download/color-convert-1.9.3.tgz#bb71850690e1f136567de629d2d5471deda4c1e8"
  integrity sha1-u3GFBpDh8TZWfeYp0tVHHe2kweg=
  dependencies:
    color-name "1.1.3"

color-name@1.1.3:
  version "1.1.3"
  resolved "https://registry.npm.taobao.org/color-name/download/color-name-1.1.3.tgz#a7d0558bd89c42f795dd42328f740831ca53bc25"
  integrity sha1-p9BVi9icQveV3UIyj3QIMcpTvCU=

color-name@^1.0.0:
  version "1.1.4"
  resolved "https://registry.npm.taobao.org/color-name/download/color-name-1.1.4.tgz#c2a09a87acbde69543de6f63fa3995c826c536a2"
  integrity sha1-wqCah6y95pVD3m9j+jmVyCbFNqI=

color-string@^1.6.0:
  version "1.6.0"
  resolved "https://registry.nlark.com/color-string/download/color-string-1.6.0.tgz?cache=0&other_urls=https%3A%2F%2Fregistry.nlark.com%2Fcolor-string%2Fdownload%2Fcolor-string-1.6.0.tgz#c3915f61fe267672cb7e1e064c9d692219f6c312"
  integrity sha1-w5FfYf4mdnLLfh4GTJ1pIhn2wxI=
  dependencies:
    color-name "^1.0.0"
    simple-swizzle "^0.2.2"

color@^3.1.3:
  version "3.2.1"
  resolved "https://registry.nlark.com/color/download/color-3.2.1.tgz?cache=0&sync_timestamp=1628105303224&other_urls=https%3A%2F%2Fregistry.nlark.com%2Fcolor%2Fdownload%2Fcolor-3.2.1.tgz#3544dc198caf4490c3ecc9a790b54fe9ff45e164"
  integrity sha1-NUTcGYyvRJDD7MmnkLVP6f9F4WQ=
  dependencies:
    color-convert "^1.9.3"
    color-string "^1.6.0"

compute-scroll-into-view@^1.0.17:
  version "1.0.17"
  resolved "https://registry.npm.taobao.org/compute-scroll-into-view/download/compute-scroll-into-view-1.0.17.tgz?cache=0&sync_timestamp=1614042424875&other_urls=https%3A%2F%2Fregistry.npm.taobao.org%2Fcompute-scroll-into-view%2Fdownload%2Fcompute-scroll-into-view-1.0.17.tgz#6a88f18acd9d42e9cf4baa6bec7e0522607ab7ab"
  integrity sha1-aojxis2dQunPS6pr7H4FImB6t6s=

copy-anything@^2.0.1:
  version "2.0.3"
  resolved "https://registry.npm.taobao.org/copy-anything/download/copy-anything-2.0.3.tgz#842407ba02466b0df844819bbe3baebbe5d45d87"
  integrity sha1-hCQHugJGaw34RIGbvjuuu+XUXYc=
  dependencies:
    is-what "^3.12.0"

crypt@0.0.2:
  version "0.0.2"
  resolved "https://registry.npm.taobao.org/crypt/download/crypt-0.0.2.tgz#88d7ff7ec0dfb86f713dc87bbb42d044d3e6c41b"
  integrity sha1-iNf/fsDfuG9xPch7u0LQRNPmxBs=

csstype@^2.6.8:
  version "2.6.19"
  resolved "https://registry.npmmirror.com/csstype/download/csstype-2.6.19.tgz?cache=0&other_urls=https%3A%2F%2Fregistry.npmmirror.com%2Fcsstype%2Fdownload%2Fcsstype-2.6.19.tgz#feeb5aae89020bb389e1f63669a5ed490e391caa"
  integrity sha512-ZVxXaNy28/k3kJg0Fou5MiYpp88j7H9hLZp8PDC3jV0WFjfH5E9xHb56L0W59cPbKbcHXeP4qyT8PrHp8t6LcQ==

dayjs@^1.10.3:
  version "1.10.7"
  resolved "https://registry.nlark.com/dayjs/download/dayjs-1.10.7.tgz?cache=0&sync_timestamp=1631266519235&other_urls=https%3A%2F%2Fregistry.nlark.com%2Fdayjs%2Fdownload%2Fdayjs-1.10.7.tgz#2cf5f91add28116748440866a0a1d26f3a6ce468"
  integrity sha1-LPX5Gt0oEWdIRAhmoKHSbzps5Gg=

debug@^3.2.6:
  version "3.2.7"
  resolved "https://registry.npmmirror.com/debug/download/debug-3.2.7.tgz?cache=0&sync_timestamp=1636300872595&other_urls=https%3A%2F%2Fregistry.npmmirror.com%2Fdebug%2Fdownload%2Fdebug-3.2.7.tgz#72580b7e9145fb39b6676f9c5e5fb100b934179a"
  integrity sha1-clgLfpFF+zm2Z2+cXl+xALk0F5o=
  dependencies:
    ms "^2.1.1"

errno@^0.1.1:
  version "0.1.8"
  resolved "https://registry.nlark.com/errno/download/errno-0.1.8.tgz#8bb3e9c7d463be4976ff888f76b4809ebc2e811f"
  integrity sha1-i7Ppx9Rjvkl2/4iPdrSAnrwugR8=
  dependencies:
    prr "~1.0.1"

esbuild-android-arm64@0.13.14:
  version "0.13.14"
  resolved "https://registry.npmmirror.com/esbuild-android-arm64/download/esbuild-android-arm64-0.13.14.tgz?cache=0&sync_timestamp=1637048214382&other_urls=https%3A%2F%2Fregistry.npmmirror.com%2Fesbuild-android-arm64%2Fdownload%2Fesbuild-android-arm64-0.13.14.tgz#c85083ece26be3d67e6c720e088968a98409e023"
  integrity sha512-Q+Xhfp827r+ma8/DJgpMRUbDZfefsk13oePFEXEIJ4gxFbNv5+vyiYXYuKm43/+++EJXpnaYmEnu4hAKbAWYbA==

esbuild-darwin-64@0.13.14:
  version "0.13.14"
  resolved "https://registry.npmmirror.com/esbuild-darwin-64/download/esbuild-darwin-64-0.13.14.tgz?cache=0&sync_timestamp=1637048217854&other_urls=https%3A%2F%2Fregistry.npmmirror.com%2Fesbuild-darwin-64%2Fdownload%2Fesbuild-darwin-64-0.13.14.tgz#8e4e237ad847cc54a1d3a5caee26a746b9f0b81f"
  integrity sha512-YmOhRns6QBNSjpVdTahi/yZ8dscx9ai7a6OY6z5ACgOuQuaQ2Qk2qgJ0/siZ6LgD0gJFMV8UINFV5oky5TFNQQ==

esbuild-darwin-arm64@0.13.14:
  version "0.13.14"
  resolved "https://registry.npmmirror.com/esbuild-darwin-arm64/download/esbuild-darwin-arm64-0.13.14.tgz?cache=0&sync_timestamp=1637047812467&other_urls=https%3A%2F%2Fregistry.npmmirror.com%2Fesbuild-darwin-arm64%2Fdownload%2Fesbuild-darwin-arm64-0.13.14.tgz#b3b5ebd40b2cb06ee0f6fb342dd4bdcca54ad273"
  integrity sha512-Lp00VTli2jqZghSa68fx3fEFCPsO1hK59RMo1PRap5RUjhf55OmaZTZYnCDI0FVlCtt+gBwX5qwFt4lc6tI1xg==

esbuild-freebsd-64@0.13.14:
  version "0.13.14"
  resolved "https://registry.npmmirror.com/esbuild-freebsd-64/download/esbuild-freebsd-64-0.13.14.tgz?cache=0&sync_timestamp=1637047570885&other_urls=https%3A%2F%2Fregistry.npmmirror.com%2Fesbuild-freebsd-64%2Fdownload%2Fesbuild-freebsd-64-0.13.14.tgz#175ecb2fa8141428cf70ea2d5f4c27534bad53e0"
  integrity sha512-BKosI3jtvTfnmsCW37B1TyxMUjkRWKqopR0CE9AF2ratdpkxdR24Vpe3gLKNyWiZ7BE96/SO5/YfhbPUzY8wKw==

esbuild-freebsd-arm64@0.13.14:
  version "0.13.14"
  resolved "https://registry.npmmirror.com/esbuild-freebsd-arm64/download/esbuild-freebsd-arm64-0.13.14.tgz?cache=0&sync_timestamp=1637047570297&other_urls=https%3A%2F%2Fregistry.npmmirror.com%2Fesbuild-freebsd-arm64%2Fdownload%2Fesbuild-freebsd-arm64-0.13.14.tgz#a7d64e41d1fa581f8db7775e5200f18e67d70c4d"
  integrity sha512-yd2uh0yf+fWv5114+SYTl4/1oDWtr4nN5Op+PGxAkMqHfYfLjFKpcxwCo/QOS/0NWqPVE8O41IYZlFhbEN2B8Q==

esbuild-linux-32@0.13.14:
  version "0.13.14"
  resolved "https://registry.npmmirror.com/esbuild-linux-32/download/esbuild-linux-32-0.13.14.tgz?cache=0&sync_timestamp=1637047813277&other_urls=https%3A%2F%2Fregistry.npmmirror.com%2Fesbuild-linux-32%2Fdownload%2Fesbuild-linux-32-0.13.14.tgz#14bdd4f6b6cfd35c65c835894651ba335c2117da"
  integrity sha512-a8rOnS1oWSfkkYWXoD2yXNV4BdbDKA7PNVQ1klqkY9SoSApL7io66w5H44mTLsfyw7G6Z2vLlaLI2nz9MMAowA==

esbuild-linux-64@0.13.14:
  version "0.13.14"
  resolved "https://registry.npmmirror.com/esbuild-linux-64/download/esbuild-linux-64-0.13.14.tgz?cache=0&sync_timestamp=1637047813725&other_urls=https%3A%2F%2Fregistry.npmmirror.com%2Fesbuild-linux-64%2Fdownload%2Fesbuild-linux-64-0.13.14.tgz#7fd56851b2982fdd0cd8447ee9858c2c5711708a"
  integrity sha512-yPZSoMs9W2MC3Dw+6kflKt5FfQm6Dicex9dGIr1OlHRsn3Hm7yGMUTctlkW53KknnZdOdcdd5upxvbxqymczVQ==

esbuild-linux-arm64@0.13.14:
  version "0.13.14"
  resolved "https://registry.npmmirror.com/esbuild-linux-arm64/download/esbuild-linux-arm64-0.13.14.tgz?cache=0&sync_timestamp=1637047815231&other_urls=https%3A%2F%2Fregistry.npmmirror.com%2Fesbuild-linux-arm64%2Fdownload%2Fesbuild-linux-arm64-0.13.14.tgz#a55634d70679ba509adeafd68eebb9fd1ec5af6c"
  integrity sha512-Lvo391ln9PzC334e+jJ2S0Rt0cxP47eoH5gFyv/E8HhOnEJTvm7A+RRnMjjHnejELacTTfYgFGQYPjLsi/jObQ==

esbuild-linux-arm@0.13.14:
  version "0.13.14"
  resolved "https://registry.npmmirror.com/esbuild-linux-arm/download/esbuild-linux-arm-0.13.14.tgz?cache=0&sync_timestamp=1637047811919&other_urls=https%3A%2F%2Fregistry.npmmirror.com%2Fesbuild-linux-arm%2Fdownload%2Fesbuild-linux-arm-0.13.14.tgz#bb96a99677e608b31ff61f37564326d38e846ca2"
  integrity sha512-8chZE4pkKRvJ/M/iwsNQ1KqsRg2RyU5eT/x2flNt/f8F2TVrDreR7I0HEeCR50wLla3B1C3wTIOzQBmjuc6uWg==

esbuild-linux-mips64le@0.13.14:
  version "0.13.14"
  resolved "https://registry.npmmirror.com/esbuild-linux-mips64le/download/esbuild-linux-mips64le-0.13.14.tgz#6a55362a8fd1e593dea2ecc41877beed8b8184b9"
  integrity sha512-MZhgxbmrWbpY3TOE029O6l5tokG9+Yoj2hW7vdit/d/VnmneqeGrSHADuDL6qXM8L5jaCiaivb4VhsyVCpdAbQ==

esbuild-linux-ppc64le@0.13.14:
  version "0.13.14"
  resolved "https://registry.npmmirror.com/esbuild-linux-ppc64le/download/esbuild-linux-ppc64le-0.13.14.tgz?cache=0&sync_timestamp=1637047814664&other_urls=https%3A%2F%2Fregistry.npmmirror.com%2Fesbuild-linux-ppc64le%2Fdownload%2Fesbuild-linux-ppc64le-0.13.14.tgz#9e0048587ece0a7f184ab147f20d077098045e7f"
  integrity sha512-un7KMwS7fX1Un6BjfSZxTT8L5cV/8Uf4SAhM7WYy2XF8o8TI+uRxxD03svZnRNIPsN2J5cl6qV4n7Iwz+yhhVw==

esbuild-netbsd-64@0.13.14:
  version "0.13.14"
  resolved "https://registry.npmmirror.com/esbuild-netbsd-64/download/esbuild-netbsd-64-0.13.14.tgz?cache=0&sync_timestamp=1637047569826&other_urls=https%3A%2F%2Fregistry.npmmirror.com%2Fesbuild-netbsd-64%2Fdownload%2Fesbuild-netbsd-64-0.13.14.tgz#dcab16a4bbcfa16e2e8535dadc5f64fdc891c63b"
  integrity sha512-5ekKx/YbOmmlTeNxBjh38Uh5TGn5C4uyqN17i67k18pS3J+U2hTVD7rCxcFcRS1AjNWumkVL3jWqYXadFwMS0Q==

esbuild-openbsd-64@0.13.14:
  version "0.13.14"
  resolved "https://registry.npmmirror.com/esbuild-openbsd-64/download/esbuild-openbsd-64-0.13.14.tgz?cache=0&sync_timestamp=1637047569414&other_urls=https%3A%2F%2Fregistry.npmmirror.com%2Fesbuild-openbsd-64%2Fdownload%2Fesbuild-openbsd-64-0.13.14.tgz#3c7453b155ebb68dc34d5aec3bd6505337bdda08"
  integrity sha512-9bzvwewHjct2Cv5XcVoE1yW5YTW12Sk838EYfA46abgnhxGoFSD1mFcaztp5HHC43AsF+hQxbSFG/RilONARUA==

esbuild-sunos-64@0.13.14:
  version "0.13.14"
  resolved "https://registry.npmmirror.com/esbuild-sunos-64/download/esbuild-sunos-64-0.13.14.tgz?cache=0&sync_timestamp=1637048220932&other_urls=https%3A%2F%2Fregistry.npmmirror.com%2Fesbuild-sunos-64%2Fdownload%2Fesbuild-sunos-64-0.13.14.tgz#85addf5fef6b5db154a955d4f2e88953359d75ce"
  integrity sha512-mjMrZB76M6FmoiTvj/RGWilrioR7gVwtFBRVugr9qLarXMIU1W/pQx+ieEOtflrW61xo8w1fcxyHsVVGRvoQ0w==

esbuild-windows-32@0.13.14:
  version "0.13.14"
  resolved "https://registry.npmmirror.com/esbuild-windows-32/download/esbuild-windows-32-0.13.14.tgz?cache=0&sync_timestamp=1637047592634&other_urls=https%3A%2F%2Fregistry.npmmirror.com%2Fesbuild-windows-32%2Fdownload%2Fesbuild-windows-32-0.13.14.tgz#f77f98f30a5c636c44db2428ecdf9bcbbaedb1a7"
  integrity sha512-GZa6mrx2rgfbH/5uHg0Rdw50TuOKbdoKCpEBitzmG5tsXBdce+cOL+iFO5joZc6fDVCLW3Y6tjxmSXRk/v20Hg==

esbuild-windows-64@0.13.14:
  version "0.13.14"
  resolved "https://registry.npmmirror.com/esbuild-windows-64/download/esbuild-windows-64-0.13.14.tgz?cache=0&sync_timestamp=1637047932053&other_urls=https%3A%2F%2Fregistry.npmmirror.com%2Fesbuild-windows-64%2Fdownload%2Fesbuild-windows-64-0.13.14.tgz#bc778674c40d65150d12385e0f23eb3a0badbd0d"
  integrity sha512-Lsgqah24bT7ClHjLp/Pj3A9wxjhIAJyWQcrOV4jqXAFikmrp2CspA8IkJgw7HFjx6QrJuhpcKVbCAe/xw0i2yw==

esbuild-windows-arm64@0.13.14:
  version "0.13.14"
  resolved "https://registry.npmmirror.com/esbuild-windows-arm64/download/esbuild-windows-arm64-0.13.14.tgz?cache=0&sync_timestamp=1637047568214&other_urls=https%3A%2F%2Fregistry.npmmirror.com%2Fesbuild-windows-arm64%2Fdownload%2Fesbuild-windows-arm64-0.13.14.tgz#91a8dad35ab2c4dd27cd83860742955b25a354d7"
  integrity sha512-KP8FHVlWGhM7nzYtURsGnskXb/cBCPTfj0gOKfjKq2tHtYnhDZywsUG57nk7TKhhK0fL11LcejHG3LRW9RF/9A==

esbuild@^0.13.2:
  version "0.13.14"
  resolved "https://registry.npmmirror.com/esbuild/download/esbuild-0.13.14.tgz#98a3f7f42809abdc2b57c84565d0f713382dc1a5"
  integrity sha512-xu4D+1ji9x53ocuomcY+KOrwAnWzhBu/wTEjpdgZ8I1c8i5vboYIeigMdzgY1UowYBKa2vZgVgUB32bu7gkxeg==
  optionalDependencies:
    esbuild-android-arm64 "0.13.14"
    esbuild-darwin-64 "0.13.14"
    esbuild-darwin-arm64 "0.13.14"
    esbuild-freebsd-64 "0.13.14"
    esbuild-freebsd-arm64 "0.13.14"
    esbuild-linux-32 "0.13.14"
    esbuild-linux-64 "0.13.14"
    esbuild-linux-arm "0.13.14"
    esbuild-linux-arm64 "0.13.14"
    esbuild-linux-mips64le "0.13.14"
    esbuild-linux-ppc64le "0.13.14"
    esbuild-netbsd-64 "0.13.14"
    esbuild-openbsd-64 "0.13.14"
    esbuild-sunos-64 "0.13.14"
    esbuild-windows-32 "0.13.14"
    esbuild-windows-64 "0.13.14"
    esbuild-windows-arm64 "0.13.14"

estree-walker@^2.0.2:
  version "2.0.2"
  resolved "https://registry.npm.taobao.org/estree-walker/download/estree-walker-2.0.2.tgz#52f010178c2a4c117a7757cfe942adb7d2da4cac"
  integrity sha1-UvAQF4wqTBF6d1fP6UKtt9LaTKw=

follow-redirects@^1.14.4:
  version "1.14.5"
  resolved "https://registry.npmmirror.com/follow-redirects/download/follow-redirects-1.14.5.tgz?cache=0&sync_timestamp=1635857764332&other_urls=https%3A%2F%2Fregistry.npmmirror.com%2Ffollow-redirects%2Fdownload%2Ffollow-redirects-1.14.5.tgz#f09a5848981d3c772b5392309778523f8d85c381"
  integrity sha1-8JpYSJgdPHcrU5Iwl3hSP42Fw4E=

fsevents@~2.3.2:
  version "2.3.2"
  resolved "https://registry.npmmirror.com/fsevents/download/fsevents-2.3.2.tgz#8a526f78b8fdf4623b709e0b975c52c24c02fd1a"
  integrity sha1-ilJveLj99GI7cJ4Ll1xSwkwC/Ro=

function-bind@^1.1.1:
  version "1.1.1"
  resolved "https://registry.npm.taobao.org/function-bind/download/function-bind-1.1.1.tgz#a56899d3ea3c9bab874bb9773b7c5ede92f4895d"
  integrity sha1-pWiZ0+o8m6uHS7l3O3xe3pL0iV0=

get-intrinsic@^1.0.2:
  version "1.1.1"
  resolved "https://registry.nlark.com/get-intrinsic/download/get-intrinsic-1.1.1.tgz#15f59f376f855c446963948f0d24cd3637b4abc6"
  integrity sha1-FfWfN2+FXERpY5SPDSTNNje0q8Y=
  dependencies:
    function-bind "^1.1.1"
    has "^1.0.3"
    has-symbols "^1.0.1"

graceful-fs@^4.1.2:
  version "4.2.8"
  resolved "https://registry.npmmirror.com/graceful-fs/download/graceful-fs-4.2.8.tgz#e412b8d33f5e006593cbd3cee6df9f2cebbe802a"
  integrity sha1-5BK40z9eAGWTy9PO5t+fLOu+gCo=

has-symbols@^1.0.1:
  version "1.0.2"
  resolved "https://registry.nlark.com/has-symbols/download/has-symbols-1.0.2.tgz#165d3070c00309752a1236a479331e3ac56f1423"
  integrity sha1-Fl0wcMADCXUqEjakeTMeOsVvFCM=

has@^1.0.3:
  version "1.0.3"
  resolved "https://registry.nlark.com/has/download/has-1.0.3.tgz#722d7cbfc1f6aa8241f16dd814e011e1f41e8796"
  integrity sha1-ci18v8H2qoJB8W3YFOAR4fQeh5Y=
  dependencies:
    function-bind "^1.1.1"

iconv-lite@^0.4.4:
  version "0.4.24"
  resolved "https://registry.nlark.com/iconv-lite/download/iconv-lite-0.4.24.tgz?cache=0&sync_timestamp=1621826271136&other_urls=https%3A%2F%2Fregistry.nlark.com%2Ficonv-lite%2Fdownload%2Ficonv-lite-0.4.24.tgz#2022b4b25fbddc21d2f524974a474aafe733908b"
  integrity sha1-ICK0sl+93CHS9SSXSkdKr+czkIs=
  dependencies:
    safer-buffer ">= 2.1.2 < 3"

image-size@~0.5.0:
  version "0.5.5"
  resolved "https://registry.npm.taobao.org/image-size/download/image-size-0.5.5.tgz#09dfd4ab9d20e29eb1c3e80b8990378df9e3cb9c"
  integrity sha1-Cd/Uq50g4p6xw+gLiZA3jfnjy5w=

is-arrayish@^0.3.1:
  version "0.3.2"
  resolved "https://registry.nlark.com/is-arrayish/download/is-arrayish-0.3.2.tgz#4574a2ae56f7ab206896fb431eaeed066fdf8f03"
  integrity sha1-RXSirlb3qyBolvtDHq7tBm/fjwM=

is-buffer@~1.1.6:
  version "1.1.6"
  resolved "https://registry.npm.taobao.org/is-buffer/download/is-buffer-1.1.6.tgz#efaa2ea9daa0d7ab2ea13a97b2b8ad51fefbe8be"
  integrity sha1-76ouqdqg16suoTqXsritUf776L4=

is-core-module@^2.2.0:
  version "2.8.0"
  resolved "https://registry.npmmirror.com/is-core-module/download/is-core-module-2.8.0.tgz?cache=0&sync_timestamp=1634237302390&other_urls=https%3A%2F%2Fregistry.npmmirror.com%2Fis-core-module%2Fdownload%2Fis-core-module-2.8.0.tgz#0321336c3d0925e497fd97f5d95cb114a5ccd548"
  integrity sha1-AyEzbD0JJeSX/Zf12VyxFKXM1Ug=
  dependencies:
    has "^1.0.3"

is-what@^3.12.0:
  version "3.14.1"
  resolved "https://registry.npmmirror.com/is-what/download/is-what-3.14.1.tgz?cache=0&sync_timestamp=1634283375645&other_urls=https%3A%2F%2Fregistry.npmmirror.com%2Fis-what%2Fdownload%2Fis-what-3.14.1.tgz#e1222f46ddda85dead0fd1c9df131760e77755c1"
  integrity sha1-4SIvRt3ahd6tD9HJ3xMXYOd3VcE=

js-cookie@^3.0.1:
  version "3.0.1"
  resolved "https://registry.nlark.com/js-cookie/download/js-cookie-3.0.1.tgz#9e39b4c6c2f56563708d7d31f6f5f21873a92414"
  integrity sha1-njm0xsL1ZWNwjX0x9vXyGHOpJBQ=

less@^4.1.2:
  version "4.1.2"
  resolved "https://registry.npmmirror.com/less/download/less-4.1.2.tgz#6099ee584999750c2624b65f80145f8674e4b4b0"
  integrity sha1-YJnuWEmZdQwmJLZfgBRfhnTktLA=
  dependencies:
    copy-anything "^2.0.1"
    parse-node-version "^1.0.1"
    tslib "^2.3.0"
  optionalDependencies:
    errno "^0.1.1"
    graceful-fs "^4.1.2"
    image-size "~0.5.0"
    make-dir "^2.1.0"
    mime "^1.4.1"
    needle "^2.5.2"
    source-map "~0.6.0"

lodash.isequal@^4.5.0:
  version "4.5.0"
  resolved "https://registry.npm.taobao.org/lodash.isequal/download/lodash.isequal-4.5.0.tgz#415c4478f2bcc30120c22ce10ed3226f7d3e18e0"
  integrity sha1-QVxEePK8wwEgwizhDtMib30+GOA=

magic-string@^0.25.7:
  version "0.25.7"
  resolved "https://registry.nlark.com/magic-string/download/magic-string-0.25.7.tgz?cache=0&sync_timestamp=1618846922153&other_urls=https%3A%2F%2Fregistry.nlark.com%2Fmagic-string%2Fdownload%2Fmagic-string-0.25.7.tgz#3f497d6fd34c669c6798dcb821f2ef31f5445051"
  integrity sha1-P0l9b9NMZpxnmNy4IfLvMfVEUFE=
  dependencies:
    sourcemap-codec "^1.4.4"

make-dir@^2.1.0:
  version "2.1.0"
  resolved "https://registry.npm.taobao.org/make-dir/download/make-dir-2.1.0.tgz#5f0310e18b8be898cc07009295a30ae41e91e6f5"
  integrity sha1-XwMQ4YuL6JjMBwCSlaMK5B6R5vU=
  dependencies:
    pify "^4.0.1"
    semver "^5.6.0"

md5@^2.3.0:
  version "2.3.0"
  resolved "https://registry.npm.taobao.org/md5/download/md5-2.3.0.tgz#c3da9a6aae3a30b46b7b0c349b87b110dc3bda4f"
  integrity sha1-w9qaaq46MLRreww0m4exENw72k8=
  dependencies:
    charenc "0.0.2"
    crypt "0.0.2"
    is-buffer "~1.1.6"

mime@^1.4.1:
  version "1.6.0"
  resolved "https://registry.npmmirror.com/mime/download/mime-1.6.0.tgz#32cd9e5c64553bd58d19a568af452acff04981b1"
  integrity sha1-Ms2eXGRVO9WNGaVor0Uqz/BJgbE=

ms@^2.1.1:
  version "2.1.3"
  resolved "https://registry.npmmirror.com/ms/download/ms-2.1.3.tgz#574c8138ce1d2b5861f0b44579dbadd60c6615b2"
  integrity sha1-V0yBOM4dK1hh8LRFedut1gxmFbI=

nanoid@^3.1.30:
  version "3.1.30"
  resolved "https://registry.npmmirror.com/nanoid/download/nanoid-3.1.30.tgz?cache=0&other_urls=https%3A%2F%2Fregistry.npmmirror.com%2Fnanoid%2Fdownload%2Fnanoid-3.1.30.tgz#63f93cc548d2a113dc5dfbc63bfa09e2b9b64362"
  integrity sha1-Y/k8xUjSoRPcXfvGO/oJ4rm2Q2I=

needle@^2.5.2:
  version "2.9.1"
  resolved "https://registry.nlark.com/needle/download/needle-2.9.1.tgz?cache=0&sync_timestamp=1630674795023&other_urls=https%3A%2F%2Fregistry.nlark.com%2Fneedle%2Fdownload%2Fneedle-2.9.1.tgz#22d1dffbe3490c2b83e301f7709b6736cd8f2684"
  integrity sha1-ItHf++NJDCuD4wH3cJtnNs2PJoQ=
  dependencies:
    debug "^3.2.6"
    iconv-lite "^0.4.4"
    sax "^1.2.4"

number-precision@^1.5.0:
  version "1.5.1"
  resolved "https://registry.nlark.com/number-precision/download/number-precision-1.5.1.tgz#ea343990409d873464074353fcb30ac105a90e61"
  integrity sha1-6jQ5kECdhzRkB0NT/LMKwQWpDmE=

object-inspect@^1.9.0:
  version "1.11.0"
  resolved "https://registry.nlark.com/object-inspect/download/object-inspect-1.11.0.tgz?cache=0&other_urls=https%3A%2F%2Fregistry.nlark.com%2Fobject-inspect%2Fdownload%2Fobject-inspect-1.11.0.tgz#9dceb146cedd4148a0d9e51ab88d34cf509922b1"
  integrity sha1-nc6xRs7dQUig2eUauI00z1CZIrE=

parse-node-version@^1.0.1:
  version "1.0.1"
  resolved "https://registry.nlark.com/parse-node-version/download/parse-node-version-1.0.1.tgz#e2b5dbede00e7fa9bc363607f53327e8b073189b"
  integrity sha1-4rXb7eAOf6m8NjYH9TMn6LBzGJs=

path-parse@^1.0.6:
  version "1.0.7"
  resolved "https://registry.nlark.com/path-parse/download/path-parse-1.0.7.tgz#fbc114b60ca42b30d9daf5858e4bd68bbedb6735"
  integrity sha1-+8EUtgykKzDZ2vWFjkvWi77bZzU=

picocolors@^1.0.0:
  version "1.0.0"
  resolved "https://registry.npmmirror.com/picocolors/download/picocolors-1.0.0.tgz?cache=0&other_urls=https%3A%2F%2Fregistry.npmmirror.com%2Fpicocolors%2Fdownload%2Fpicocolors-1.0.0.tgz#cb5bdc74ff3f51892236eaf79d68bc44564ab81c"
  integrity sha1-y1vcdP8/UYkiNur3nWi8RFZKuBw=

pify@^4.0.1:
  version "4.0.1"
  resolved "https://registry.nlark.com/pify/download/pify-4.0.1.tgz#4b2cd25c50d598735c50292224fd8c6df41e3231"
  integrity sha1-SyzSXFDVmHNcUCkiJP2MbfQeMjE=

pinia@2.0.2:
  version "2.0.2"
  resolved "https://registry.npmmirror.com/pinia/download/pinia-2.0.2.tgz#51a21129251ee85a4ab57a3b0d489909ec78b6ee"
  integrity sha1-UaIRKSUe6FpKtXo7DUiZCex4tu4=
  dependencies:
    "@vue/devtools-api" "^6.0.0-beta.19"
    vue-demi "*"

postcss@^8.1.10, postcss@^8.3.8:
  version "8.3.11"
  resolved "https://registry.npmmirror.com/postcss/download/postcss-8.3.11.tgz#c3beca7ea811cd5e1c4a3ec6d2e7599ef1f8f858"
  integrity sha1-w77KfqgRzV4cSj7G0udZnvH4+Fg=
  dependencies:
    nanoid "^3.1.30"
    picocolors "^1.0.0"
    source-map-js "^0.6.2"

prr@~1.0.1:
  version "1.0.1"
  resolved "https://registry.npm.taobao.org/prr/download/prr-1.0.1.tgz#d3fc114ba06995a45ec6893f484ceb1d78f5f476"
  integrity sha1-0/wRS6BplaRexok/SEzrHXj19HY=

qs@^6.10.1:
  version "6.10.1"
  resolved "https://registry.npm.taobao.org/qs/download/qs-6.10.1.tgz#4931482fa8d647a5aab799c5271d2133b981fb6a"
  integrity sha1-STFIL6jWR6Wqt5nFJx0hM7mB+2o=
  dependencies:
    side-channel "^1.0.4"

resize-observer-polyfill@^1.5.1:
  version "1.5.1"
  resolved "https://registry.nlark.com/resize-observer-polyfill/download/resize-observer-polyfill-1.5.1.tgz#0e9020dd3d21024458d4ebd27e23e40269810464"
  integrity sha1-DpAg3T0hAkRY1OvSfiPkAmmBBGQ=

resolve@^1.20.0:
  version "1.20.0"
  resolved "https://registry.npm.taobao.org/resolve/download/resolve-1.20.0.tgz?cache=0&sync_timestamp=1613055280179&other_urls=https%3A%2F%2Fregistry.npm.taobao.org%2Fresolve%2Fdownload%2Fresolve-1.20.0.tgz#629a013fb3f70755d6f0b7935cc1c2c5378b1975"
  integrity sha1-YpoBP7P3B1XW8LeTXMHCxTeLGXU=
  dependencies:
    is-core-module "^2.2.0"
    path-parse "^1.0.6"

rollup@^2.57.0:
  version "2.60.0"
  resolved "https://registry.npmmirror.com/rollup/download/rollup-2.60.0.tgz?cache=0&sync_timestamp=1636694234912&other_urls=https%3A%2F%2Fregistry.npmmirror.com%2Frollup%2Fdownload%2Frollup-2.60.0.tgz#4ee60ab7bdd0356763f87d7099f413e5460fc193"
  integrity sha512-cHdv9GWd58v58rdseC8e8XIaPUo8a9cgZpnCMMDGZFDZKEODOiPPEQFXLriWr/TjXzhPPmG5bkAztPsOARIcGQ==
  optionalDependencies:
    fsevents "~2.3.2"

"safer-buffer@>= 2.1.2 < 3":
  version "2.1.2"
  resolved "https://registry.nlark.com/safer-buffer/download/safer-buffer-2.1.2.tgz#44fa161b0187b9549dd84bb91802f9bd8385cd6a"
  integrity sha1-RPoWGwGHuVSd2Eu5GAL5vYOFzWo=

sax@^1.2.4:
  version "1.2.4"
  resolved "https://registry.npm.taobao.org/sax/download/sax-1.2.4.tgz#2816234e2378bddc4e5354fab5caa895df7100d9"
  integrity sha1-KBYjTiN4vdxOU1T6tcqold9xANk=

scroll-into-view-if-needed@^2.2.28:
  version "2.2.28"
  resolved "https://registry.npmmirror.com/scroll-into-view-if-needed/download/scroll-into-view-if-needed-2.2.28.tgz#5a15b2f58a52642c88c8eca584644e01703d645a"
  integrity sha1-WhWy9YpSZCyIyOylhGROAXA9ZFo=
  dependencies:
    compute-scroll-into-view "^1.0.17"

semver@^5.6.0:
  version "5.7.1"
  resolved "https://registry.nlark.com/semver/download/semver-5.7.1.tgz?cache=0&sync_timestamp=1618846828850&other_urls=https%3A%2F%2Fregistry.nlark.com%2Fsemver%2Fdownload%2Fsemver-5.7.1.tgz#a954f931aeba508d307bbf069eff0c01c96116f7"
  integrity sha1-qVT5Ma66UI0we78Gnv8MAclhFvc=

side-channel@^1.0.4:
  version "1.0.4"
  resolved "https://registry.nlark.com/side-channel/download/side-channel-1.0.4.tgz#efce5c8fdc104ee751b25c58d4290011fa5ea2cf"
  integrity sha1-785cj9wQTudRslxY1CkAEfpeos8=
  dependencies:
    call-bind "^1.0.0"
    get-intrinsic "^1.0.2"
    object-inspect "^1.9.0"

simple-swizzle@^0.2.2:
  version "0.2.2"
  resolved "https://registry.npmmirror.com/simple-swizzle/download/simple-swizzle-0.2.2.tgz#a4da6b635ffcccca33f70d17cb92592de95e557a"
  integrity sha1-pNprY1/8zMoz9w0Xy5JZLeleVXo=
  dependencies:
    is-arrayish "^0.3.1"

source-map-js@^0.6.2:
  version "0.6.2"
  resolved "https://registry.npmmirror.com/source-map-js/download/source-map-js-0.6.2.tgz#0bb5de631b41cfbda6cfba8bd05a80efdfd2385e"
  integrity sha1-C7XeYxtBz72mz7qL0FqA79/SOF4=

source-map@^0.6.1, source-map@~0.6.0:
  version "0.6.1"
  resolved "https://registry.npm.taobao.org/source-map/download/source-map-0.6.1.tgz#74722af32e9614e9c287a8d0bbde48b5e2f1a263"
  integrity sha1-dHIq8y6WFOnCh6jQu95IteLxomM=

sourcemap-codec@^1.4.4:
  version "1.4.8"
  resolved "https://registry.npm.taobao.org/sourcemap-codec/download/sourcemap-codec-1.4.8.tgz#ea804bd94857402e6992d05a38ef1ae35a9ab4c4"
  integrity sha1-6oBL2UhXQC5pktBaOO8a41qatMQ=

tslib@^2.3.0:
  version "2.3.1"
  resolved "https://registry.nlark.com/tslib/download/tslib-2.3.1.tgz#e8a335add5ceae51aa261d32a490158ef042ef01"
  integrity sha1-6KM1rdXOrlGqJh0ypJAVjvBC7wE=

vite@2.6.13:
  version "2.6.13"
  resolved "https://registry.npmmirror.com/vite/download/vite-2.6.13.tgz#16b3ec85a66d5b461ac29a903874d4357f9af432"
  integrity sha1-FrPshaZtW0YawpqQOHTUNX+a9DI=
  dependencies:
    esbuild "^0.13.2"
    postcss "^8.3.8"
    resolve "^1.20.0"
    rollup "^2.57.0"
  optionalDependencies:
    fsevents "~2.3.2"

vue-demi@*:
  version "0.12.1"
  resolved "https://registry.npmmirror.com/vue-demi/download/vue-demi-0.12.1.tgz?cache=0&sync_timestamp=1635960719282&other_urls=https%3A%2F%2Fregistry.npmmirror.com%2Fvue-demi%2Fdownload%2Fvue-demi-0.12.1.tgz#f7e18efbecffd11ab069d1472d7a06e319b4174c"
  integrity sha1-9+GO++z/0RqwadFHLXoG4xm0F0w=

vue-router@^4.0.12:
  version "4.0.12"
  resolved "https://registry.npmmirror.com/vue-router/download/vue-router-4.0.12.tgz#8dc792cddf5bb1abcc3908f9064136de7e13c460"
  integrity sha1-jceSzd9bsavMOQj5BkE23n4TxGA=
  dependencies:
    "@vue/devtools-api" "^6.0.0-beta.18"

vue@3.2.21:
  version "3.2.21"
  resolved "https://registry.npmmirror.com/vue/download/vue-3.2.21.tgz#55f5665172d95cf97e806b9aad0a375180be23a1"
  integrity sha1-VfVmUXLZXPl+gGuarQo3UYC+I6E=
  dependencies:
    "@vue/compiler-dom" "3.2.21"
    "@vue/compiler-sfc" "3.2.21"
    "@vue/runtime-dom" "3.2.21"
    "@vue/server-renderer" "3.2.21"
    "@vue/shared" "3.2.21"
